<?xml version="1.0" encoding="utf-8"?>
<Project ToolsVersion="4.0" xmlns="http://schemas.microsoft.com/developer/msbuild/2003">
  <ItemGroup>
    <Filter Include="Source Files">
      <UniqueIdentifier>{4FC737F1-C7A5-4376-A066-2A32D752A2FF}</UniqueIdentifier>
      <Extensions>cpp;c;cc;cxx;c++;cppm;ixx;def;odl;idl;hpj;bat;asm;asmx</Extensions>
    </Filter>
    <Filter Include="Header Files">
      <UniqueIdentifier>{93995380-89BD-4b04-88EB-625FBE52EBFB}</UniqueIdentifier>
      <Extensions>h;hh;hpp;hxx;h++;hm;inl;inc;ipp;xsd</Extensions>
    </Filter>
    <Filter Include="Resource Files">
      <UniqueIdentifier>{67DA6AB6-F800-4c08-8B7A-83BB121AAD01}</UniqueIdentifier>
      <Extensions>rc;ico;cur;bmp;dlg;rc2;rct;bin;rgs;gif;jpg;jpeg;jpe;resx;tiff;tif;png;wav;mfcribbon-ms</Extensions>
    </Filter>
    <Filter Include="Consumers">
      <UniqueIdentifier>{28d96c63-c8aa-49d4-89e8-7823e012afb4}</UniqueIdentifier>
    </Filter>
    <Filter Include="Capture">
      <UniqueIdentifier>{95649652-aa06-4745-a466-e2bf7ade01e8}</UniqueIdentifier>
    </Filter>
    <Filter Include="Rendering">
      <UniqueIdentifier>{bd1d411d-f1d1-4255-8ad8-4c81ff8c8beb}</UniqueIdentifier>
    </Filter>
  </ItemGroup>
  <ItemGroup>
    <ClInclude Include="framework.h">
      <Filter>Header Files</Filter>
    </ClInclude>
    <ClInclude Include="targetver.h">
      <Filter>Header Files</Filter>
    </ClInclude>
    <ClInclude Include="Resource.h">
      <Filter>Header Files</Filter>
    </ClInclude>
    <ClInclude Include="GlassVideo.h">
      <Filter>Header Files</Filter>
    </ClInclude>
    <ClInclude Include="Logger.h">
      <Filter>Header Files</Filter>
    </ClInclude>
    <ClInclude Include="PipeManager.h">
      <Filter>Header Files</Filter>
    </ClInclude>
    <ClInclude Include="SlotManager.h">
      <Filter>Header Files</Filter>
    </ClInclude>
    <ClInclude Include="Rendering\D3DRenderer.h">
      <Filter>Rendering</Filter>
    </ClInclude>
    <ClInclude Include="Rendering\QuadRenderer.h">
      <Filter>Rendering</Filter>
    </ClInclude>
    <ClInclude Include="Rendering\VideoWindow.h">
      <Filter>Rendering</Filter>
    </ClInclude>
    <ClInclude Include="Capture\SessionCapture.h">
      <Filter>Capture</Filter>
    </ClInclude>
    <ClInclude Include="Capture\CaptureInterop.h">
      <Filter>Capture</Filter>
    </ClInclude>
    <ClInclude Include="Consumers\ConsumerInterface.h">
      <Filter>Consumers</Filter>
    </ClInclude>
    <ClInclude Include="Consumers\ConsumerManager.h">
      <Filter>Consumers</Filter>
    </ClInclude>
  </ItemGroup>
  <ItemGroup>
    <ClCompile Include="Logger.cpp">
      <Filter>Source Files</Filter>
    </ClCompile>
    <ClCompile Include="PipeManager.cpp">
      <Filter>Source Files</Filter>
    </ClCompile>
    <ClCompile Include="SlotManager.cpp">
      <Filter>Source Files</Filter>
    </ClCompile>
    <ClCompile Include="main.cpp">
      <Filter>Source Files</Filter>
    </ClCompile>
    <ClCompile Include="Rendering\D3DRenderer.cpp">
      <Filter>Rendering</Filter>
    </ClCompile>
    <ClCompile Include="Rendering\QuadRenderer.cpp">
      <Filter>Rendering</Filter>
    </ClCompile>
    <ClCompile Include="Rendering\VideoWindow.cpp">
      <Filter>Rendering</Filter>
    </ClCompile>
    <ClCompile Include="Capture\SessionCapture.cpp">
      <Filter>Capture</Filter>
    </ClCompile>
    <ClCompile Include="Capture\CaptureInterop.cpp">
      <Filter>Capture</Filter>
    </ClCompile>
    <ClCompile Include="Consumers\ConsumerManager.cpp">
      <Filter>Consumers</Filter>
    </ClCompile>
  </ItemGroup>
  <ItemGroup>
    <ResourceCompile Include="GlassVideo.rc">
      <Filter>Resource Files</Filter>
    </ResourceCompile>
  </ItemGroup>
  <ItemGroup>
    <Image Include="small.ico">
      <Filter>Resource Files</Filter>
    </Image>
    <Image Include="GlassVideo.ico">
      <Filter>Resource Files</Filter>
    </Image>
  </ItemGroup>
  <ItemGroup>
    <FxCompile Include="Rendering\QuadVS.hlsl">
      <Filter>Rendering</Filter>
    </FxCompile>
    <FxCompile Include="Rendering\QuadPS.hlsl">
      <Filter>Rendering</Filter>
    </FxCompile>
  </ItemGroup>
</Project>